
Microsoft Visual Studio Solution File, Format Version 12.00
# Visual Studio 15
VisualStudioVersion = 15.0.28307.902
MinimumVisualStudioVersion = 10.0.40219.1
Project("{E24C65DC-7377-472B-9ABA-BC803B73C61A}") = "Caravamo", "Caravamo\", "{29971271-C5C7-4740-BB73-2222A9A8FB38}"
	ProjectSection(WebsiteProperties) = preProject
		TargetFrameworkMoniker = ".NETFramework,Version%3Dv4.5"
		Debug.AspNetCompiler.VirtualPath = "/localhost_50783"
		Debug.AspNetCompiler.PhysicalPath = "Caravamo\"
		Debug.AspNetCompiler.TargetPath = "PrecompiledWeb\localhost_50783\"
		Debug.AspNetCompiler.Updateable = "true"
		Debug.AspNetCompiler.ForceOverwrite = "true"
		Debug.AspNetCompiler.FixedNames = "false"
		Debug.AspNetCompiler.Debug = "True"
		Release.AspNetCompiler.VirtualPath = "/localhost_50783"
		Release.AspNetCompiler.PhysicalPath = "Caravamo\"
		Release.AspNetCompiler.TargetPath = "PrecompiledWeb\localhost_50783\"
		Release.AspNetCompiler.Updateable = "true"
		Release.AspNetCompiler.ForceOverwrite = "true"
		Release.AspNetCompiler.FixedNames = "false"
		Release.AspNetCompiler.Debug = "False"
		VWDPort = "50783"
		DefaultWebSiteLanguage = "Visual C#"
	EndProjectSection
EndProject
Global
	GlobalSection(SolutionConfigurationPlatforms) = preSolution
		Debug|Any CPU = Debug|Any CPU
	EndGlobalSection
	GlobalSection(ProjectConfigurationPlatforms) = postSolution
		{29971271-C5C7-4740-BB73-2222A9A8FB38}.Debug|Any CPU.ActiveCfg = Debug|Any CPU
		{29971271-C5C7-4740-BB73-2222A9A8FB38}.Debug|Any CPU.Build.0 = Debug|Any CPU
	EndGlobalSection
	GlobalSection(SolutionProperties) = preSolution
		HideSolutionNode = FALSE
	EndGlobalSection
	GlobalSection(ExtensibilityGlobals) = postSolution
		SolutionGuid = {42C8EAA3-E02E-497C-8BE7-EC3AF36470C7}
	EndGlobalSection
EndGlobal
